lockfileVersion: '9.0'

settings:
  autoInstallPeers: true
  excludeLinksFromLockfile: false

importers:

  .:
    dependencies:
      '@types/bun':
        specifier: ^1.2.16
        version: 1.2.16

packages:

  '@types/bun@1.2.16':
    resolution: {integrity: sha512-1aCZJ/6nSiViw339RsaNhkNoEloLaPzZhxMOYEa7OzRzO41IGg5n/7I43/ZIAW/c+Q6cT12Vf7fOZOoVIzb5BQ==}

  '@types/node@24.0.2':
    resolution: {integrity: sha512-Kv1shWMfCUnzbQTosAHrF2p8AzccoLODqJ0XqGPRA/mGVZR86KCk8I+fyh6B5+kcLtAKS9BquXUxVO79jU9UGg==}

  bun-types@1.2.16:
    resolution: {integrity: sha512-ciXLrHV4PXax9vHvUrkvun9VPVGOVwbbbBF/Ev1cXz12lyEZMoJpIJABOfPcN9gDJRaiKF9MVbSygLg4NXu3/A==}

  undici-types@7.8.0:
    resolution: {integrity: sha512-9UJ2xGDvQ43tYyVMpuHlsgApydB8ZKfVYTsLDhXkFL/6gfkp+U8xTGdh8pMJv1SpZna0zxG1DwsKZsreLbXBxw==}

snapshots:

  '@types/bun@1.2.16':
    dependencies:
      bun-types: 1.2.16

  '@types/node@24.0.2':
    dependencies:
      undici-types: 7.8.0

  bun-types@1.2.16:
    dependencies:
      '@types/node': 24.0.2

  undici-types@7.8.0: {}
